
Microsoft Visual Studio Solution File, Format Version 12.00
# Visual Studio Version 17
VisualStudioVersion = 17.5.002.0
MinimumVisualStudioVersion = 10.0.40219.1
Project("{9A19103F-16F7-4668-BE54-9A1E7A4F7556}") = "ExpenseTracker", "ExpenseTracker.csproj", "{35847EA7-B1D8-4B41-8DFE-077D182A63DB}"
EndProject
Global
	GlobalSection(SolutionConfigurationPlatforms) = preSolution
		Debug|Any CPU = Debug|Any CPU
		Release|Any CPU = Release|Any CPU
	EndGlobalSection
	GlobalSection(ProjectConfigurationPlatforms) = postSolution
		{35847EA7-B1D8-4B41-8DFE-077D182A63DB}.Debug|Any CPU.ActiveCfg = Debug|Any CPU
		{35847EA7-B1D8-4B41-8DFE-077D182A63DB}.Debug|Any CPU.Build.0 = Debug|Any CPU
		{35847EA7-B1D8-4B41-8DFE-077D182A63DB}.Release|Any CPU.ActiveCfg = Release|Any CPU
		{35847EA7-B1D8-4B41-8DFE-077D182A63DB}.Release|Any CPU.Build.0 = Release|Any CPU
	EndGlobalSection
	GlobalSection(SolutionProperties) = preSolution
		HideSolutionNode = FALSE
	EndGlobalSection
	GlobalSection(ExtensibilityGlobals) = postSolution
		SolutionGuid = {F40155E4-FA53-4638-B3A8-860F644C5B05}
	EndGlobalSection
EndGlobal
